
Microsoft Visual Studio Solution File, Format Version 12.00
# Visual Studio Version 16
VisualStudioVersion = 16.0.31220.234
MinimumVisualStudioVersion = 10.0.40219.1
Project("{9A19103F-16F7-4668-BE54-9A1E7A4F7556}") = "CameraH264ToMp4", "CameraH264ToMp4\CameraH264ToMp4.csproj", "{DD5AEF51-2261-4E34-AA07-9349D4E296E4}"
EndProject
Project("{2150E333-8FDC-42A3-9474-1A3956D46DE8}") = "SolutionFiles", "SolutionFiles", "{15448BF7-D8D3-433F-B95E-7C17B64955A6}"
	ProjectSection(SolutionItems) = preProject
		Readme.md = Readme.md
	EndProjectSection
EndProject
Global
	GlobalSection(SolutionConfigurationPlatforms) = preSolution
		Debug|Any CPU = Debug|Any CPU
		Release|Any CPU = Release|Any CPU
	EndGlobalSection
	GlobalSection(ProjectConfigurationPlatforms) = postSolution
		{DD5AEF51-2261-4E34-AA07-9349D4E296E4}.Debug|Any CPU.ActiveCfg = Debug|Any CPU
		{DD5AEF51-2261-4E34-AA07-9349D4E296E4}.Debug|Any CPU.Build.0 = Debug|Any CPU
		{DD5AEF51-2261-4E34-AA07-9349D4E296E4}.Release|Any CPU.ActiveCfg = Release|Any CPU
		{DD5AEF51-2261-4E34-AA07-9349D4E296E4}.Release|Any CPU.Build.0 = Release|Any CPU
	EndGlobalSection
	GlobalSection(SolutionProperties) = preSolution
		HideSolutionNode = FALSE
	EndGlobalSection
	GlobalSection(ExtensibilityGlobals) = postSolution
		SolutionGuid = {10048957-B96B-4ACC-9B5E-D9837E159752}
	EndGlobalSection
EndGlobal
